
Microsoft Visual Studio Solution File, Format Version 12.00
# Visual Studio 16
Project("{FAE04EC0-301F-11D3-BF4B-00C04F79EFBC}") = "Assembly-CSharp", "Assembly-CSharp.csproj", "{CF0B51C6-04F0-EC15-8275-61B9C27E787C}"
EndProject
Global
	GlobalSection(SolutionConfigurationPlatforms) = preSolution
		Debug|Any CPU = Debug|Any CPU
		Release|Any CPU = Release|Any CPU
	EndGlobalSection
	GlobalSection(ProjectConfigurationPlatforms) = postSolution
		{CF0B51C6-04F0-EC15-8275-61B9C27E787C}.Debug|Any CPU.ActiveCfg = Debug|Any CPU
		{CF0B51C6-04F0-EC15-8275-61B9C27E787C}.Debug|Any CPU.Build.0 = Debug|Any CPU
		{CF0B51C6-04F0-EC15-8275-61B9C27E787C}.Release|Any CPU.ActiveCfg = Release|Any CPU
		{CF0B51C6-04F0-EC15-8275-61B9C27E787C}.Release|Any CPU.Build.0 = Release|Any CPU
	EndGlobalSection
	GlobalSection(SolutionProperties) = preSolution
		HideSolutionNode = FALSE
	EndGlobalSection
EndGlobal
