
Microsoft Visual Studio Solution File, Format Version 12.00
# Visual Studio 15
Project("{FAE04EC0-301F-11D3-BF4B-00C04F79EFBC}") = "Microsoft.MixedReality.Toolkit.Providers.OpenVR", "Microsoft.MixedReality.Toolkit.Providers.OpenVR.csproj", "{47581911-447E-923C-97A9-39F012C1CA7F}"
EndProject
Project("{FAE04EC0-301F-11D3-BF4B-00C04F79EFBC}") = "Microsoft.MixedReality.Toolkit.Examples", "Microsoft.MixedReality.Toolkit.Examples.csproj", "{79A367A2-57EF-06EC-AC8A-77286B600896}"
EndProject
Project("{FAE04EC0-301F-11D3-BF4B-00C04F79EFBC}") = "Assembly-CSharp", "Assembly-CSharp.csproj", "{CF0B51C6-04F0-EC15-8275-61B9C27E787C}"
EndProject
Project("{FAE04EC0-301F-11D3-BF4B-00C04F79EFBC}") = "Microsoft.MixedReality.Toolkit", "Microsoft.MixedReality.Toolkit.csproj", "{7AE258AE-44AC-C12E-005A-5D2C2DA81FCB}"
EndProject
Project("{FAE04EC0-301F-11D3-BF4B-00C04F79EFBC}") = "Microsoft.MixedReality.Toolkit.SDK", "Microsoft.MixedReality.Toolkit.SDK.csproj", "{A780A5ED-792C-C7FA-9812-1007838503CF}"
EndProject
Project("{FAE04EC0-301F-11D3-BF4B-00C04F79EFBC}") = "Microsoft.MixedReality.Toolkit.Services.SpatialAwarenessSystem", "Microsoft.MixedReality.Toolkit.Services.SpatialAwarenessSystem.csproj", "{5D5C46BA-6D37-3CF3-5C9B-FC1E6DC6D0A3}"
EndProject
Project("{FAE04EC0-301F-11D3-BF4B-00C04F79EFBC}") = "Microsoft.MixedReality.Toolkit.Gltf", "Microsoft.MixedReality.Toolkit.Gltf.csproj", "{9CB048AA-7FBE-0DFD-2541-8646D43894DF}"
EndProject
Project("{FAE04EC0-301F-11D3-BF4B-00C04F79EFBC}") = "Microsoft.MixedReality.Toolkit.Services.SceneSystem", "Microsoft.MixedReality.Toolkit.Services.SceneSystem.csproj", "{A8A36823-EA25-FE37-6CB9-1902E4CE326D}"
EndProject
Project("{FAE04EC0-301F-11D3-BF4B-00C04F79EFBC}") = "Microsoft.MixedReality.Toolkit.Services.InputSystem", "Microsoft.MixedReality.Toolkit.Services.InputSystem.csproj", "{82C1B432-FC83-EEA1-A157-274B85E705E0}"
EndProject
Project("{FAE04EC0-301F-11D3-BF4B-00C04F79EFBC}") = "Microsoft.MixedReality.Toolkit.Services.InputAnimation", "Microsoft.MixedReality.Toolkit.Services.InputAnimation.csproj", "{E930A7B0-F5E1-D997-50FC-01AA04C99149}"
EndProject
Project("{FAE04EC0-301F-11D3-BF4B-00C04F79EFBC}") = "Microsoft.MixedReality.Toolkit.Services.InputSimulation", "Microsoft.MixedReality.Toolkit.Services.InputSimulation.csproj", "{4BA3D6BE-CEBE-C03B-214D-E05F98B8B789}"
EndProject
Project("{FAE04EC0-301F-11D3-BF4B-00C04F79EFBC}") = "Microsoft.MixedReality.Toolkit.Services.DiagnosticsSystem", "Microsoft.MixedReality.Toolkit.Services.DiagnosticsSystem.csproj", "{D20EAE1D-8A67-489B-C5CF-A490443587E3}"
EndProject
Project("{FAE04EC0-301F-11D3-BF4B-00C04F79EFBC}") = "Microsoft.MixedReality.Toolkit.Tests.PlayModeTests", "Microsoft.MixedReality.Toolkit.Tests.PlayModeTests.csproj", "{18DCD24B-BF89-F1D6-FA0E-3CCDB5D9E001}"
EndProject
Project("{FAE04EC0-301F-11D3-BF4B-00C04F79EFBC}") = "Microsoft.MixedReality.Toolkit.Demos.InspectorFields", "Microsoft.MixedReality.Toolkit.Demos.InspectorFields.csproj", "{B08F9109-2A84-F402-C958-05618AA23F1F}"
EndProject
Project("{FAE04EC0-301F-11D3-BF4B-00C04F79EFBC}") = "Microsoft.MixedReality.Toolkit.Async", "Microsoft.MixedReality.Toolkit.Async.csproj", "{1D65A0D0-5B7E-121C-AD45-9B6E6F3B4B1C}"
EndProject
Project("{FAE04EC0-301F-11D3-BF4B-00C04F79EFBC}") = "Microsoft.MixedReality.Toolkit.Providers.WindowsMixedReality", "Microsoft.MixedReality.Toolkit.Providers.WindowsMixedReality.csproj", "{9C2828B8-E70B-E646-22D6-125833ADF1A1}"
EndProject
Project("{FAE04EC0-301F-11D3-BF4B-00C04F79EFBC}") = "Microsoft.MixedReality.Toolkit.Demos.Gltf", "Microsoft.MixedReality.Toolkit.Demos.Gltf.csproj", "{386BF759-E829-2E9A-5C51-91D72A475A59}"
EndProject
Project("{FAE04EC0-301F-11D3-BF4B-00C04F79EFBC}") = "Microsoft.MixedReality.Toolkit.Providers.WindowsVoiceInput", "Microsoft.MixedReality.Toolkit.Providers.WindowsVoiceInput.csproj", "{A9CBC2E5-C3D2-F86D-7B65-127AADC8C3DB}"
EndProject
Project("{FAE04EC0-301F-11D3-BF4B-00C04F79EFBC}") = "Microsoft.MixedReality.Toolkit.Tests", "Microsoft.MixedReality.Toolkit.Tests.csproj", "{11B54FEE-E7CF-C665-097C-75B4387D0782}"
EndProject
Project("{FAE04EC0-301F-11D3-BF4B-00C04F79EFBC}") = "Microsoft.MixedReality.Toolkit.Services.TeleportSystem", "Microsoft.MixedReality.Toolkit.Services.TeleportSystem.csproj", "{2DBE7FC6-9DDE-F7E8-F0D9-D903C8B75F08}"
EndProject
Project("{FAE04EC0-301F-11D3-BF4B-00C04F79EFBC}") = "Microsoft.MixedReality.Toolkit.Services.CameraSystem", "Microsoft.MixedReality.Toolkit.Services.CameraSystem.csproj", "{D14643EB-F50A-ECD4-FD33-D5CC6CBA6D6A}"
EndProject
Project("{FAE04EC0-301F-11D3-BF4B-00C04F79EFBC}") = "Microsoft.MixedReality.Toolkit.Services.BoundarySystem", "Microsoft.MixedReality.Toolkit.Services.BoundarySystem.csproj", "{0187557B-2B9E-EF14-3CC9-235E4FD836B5}"
EndProject
Project("{FAE04EC0-301F-11D3-BF4B-00C04F79EFBC}") = "Microsoft.MixedReality.Toolkit.Demos.UX.Interactables", "Microsoft.MixedReality.Toolkit.Demos.UX.Interactables.csproj", "{F7F7A787-DFC8-8624-1C5A-F6CB5E45BA22}"
EndProject
Project("{FAE04EC0-301F-11D3-BF4B-00C04F79EFBC}") = "Microsoft.MixedReality.Toolkit.SDK.Inspectors", "Microsoft.MixedReality.Toolkit.SDK.Inspectors.csproj", "{070683A4-12A0-A8E5-79C4-52F1C3253F26}"
EndProject
Project("{FAE04EC0-301F-11D3-BF4B-00C04F79EFBC}") = "Microsoft.MixedReality.Toolkit.Editor.Inspectors", "Microsoft.MixedReality.Toolkit.Editor.Inspectors.csproj", "{6F05334D-BF68-DEF7-39CF-01A8964251F4}"
EndProject
Project("{FAE04EC0-301F-11D3-BF4B-00C04F79EFBC}") = "Microsoft.MixedReality.Toolkit.Editor.ServiceInspectors", "Microsoft.MixedReality.Toolkit.Editor.ServiceInspectors.csproj", "{FD9C9999-A439-CB64-3BED-333502E320F3}"
EndProject
Project("{FAE04EC0-301F-11D3-BF4B-00C04F79EFBC}") = "Microsoft.MixedReality.Toolkit.Tests.EditModeTests", "Microsoft.MixedReality.Toolkit.Tests.EditModeTests.csproj", "{DAE72070-4DF6-25A5-22D1-E6652CD90D28}"
EndProject
Project("{FAE04EC0-301F-11D3-BF4B-00C04F79EFBC}") = "Microsoft.MixedReality.Toolkit.Demos.InspectorFields.Inspectors", "Microsoft.MixedReality.Toolkit.Demos.InspectorFields.Inspectors.csproj", "{38AC8E12-ABCC-40A7-826A-ECEF498AFEBD}"
EndProject
Project("{FAE04EC0-301F-11D3-BF4B-00C04F79EFBC}") = "Microsoft.MixedReality.Toolkit.Editor.Utilities", "Microsoft.MixedReality.Toolkit.Editor.Utilities.csproj", "{143B480B-9FB7-D517-BAE5-87D60FA18B68}"
EndProject
Project("{FAE04EC0-301F-11D3-BF4B-00C04F79EFBC}") = "Microsoft.MixedReality.Toolkit.Gltf.Importers", "Microsoft.MixedReality.Toolkit.Gltf.Importers.csproj", "{9085E993-BA05-BC67-7C96-4D096F71CFA6}"
EndProject
Project("{FAE04EC0-301F-11D3-BF4B-00C04F79EFBC}") = "Microsoft.MixedReality.Toolkit.Editor.BuildAndDeploy", "Microsoft.MixedReality.Toolkit.Editor.BuildAndDeploy.csproj", "{0622B82D-C676-362B-00A3-2D31B2E96F4E}"
EndProject
Project("{FAE04EC0-301F-11D3-BF4B-00C04F79EFBC}") = "Microsoft.MixedReality.Toolkit.Services.InputSimulation.Editor", "Microsoft.MixedReality.Toolkit.Services.InputSimulation.Editor.csproj", "{6449542E-7796-6F1C-ED9B-405CC22EDFE3}"
EndProject
Project("{FAE04EC0-301F-11D3-BF4B-00C04F79EFBC}") = "Microsoft.MixedReality.Toolkit.Demos.StandardShader.Inspectors", "Microsoft.MixedReality.Toolkit.Demos.StandardShader.Inspectors.csproj", "{1CB7B116-FE80-1B5D-70FA-B7E52AF30CE0}"
EndProject
Project("{FAE04EC0-301F-11D3-BF4B-00C04F79EFBC}") = "Microsoft.MixedReality.Toolkit.Services.InputSystem.Editor", "Microsoft.MixedReality.Toolkit.Services.InputSystem.Editor.csproj", "{9BC1B1D4-E0AE-DA52-D270-C384E1CA1DD5}"
EndProject
Project("{FAE04EC0-301F-11D3-BF4B-00C04F79EFBC}") = "Microsoft.MixedReality.Toolkit.Editor.ClassExtensions", "Microsoft.MixedReality.Toolkit.Editor.ClassExtensions.csproj", "{DD01D53C-E7EB-7201-B2CB-8A80D5931023}"
EndProject
Project("{FAE04EC0-301F-11D3-BF4B-00C04F79EFBC}") = "Microsoft.MixedReality.Toolkit.Services.InputAnimation.Editor", "Microsoft.MixedReality.Toolkit.Services.InputAnimation.Editor.csproj", "{D96B0304-1EA0-C62A-0029-D8999F097AD7}"
EndProject
Global
	GlobalSection(SolutionConfigurationPlatforms) = preSolution
		Debug|Any CPU = Debug|Any CPU
		Release|Any CPU = Release|Any CPU
	EndGlobalSection
	GlobalSection(ProjectConfigurationPlatforms) = postSolution
		{47581911-447E-923C-97A9-39F012C1CA7F}.Debug|Any CPU.ActiveCfg = Debug|Any CPU
		{47581911-447E-923C-97A9-39F012C1CA7F}.Debug|Any CPU.Build.0 = Debug|Any CPU
		{47581911-447E-923C-97A9-39F012C1CA7F}.Release|Any CPU.ActiveCfg = Release|Any CPU
		{47581911-447E-923C-97A9-39F012C1CA7F}.Release|Any CPU.Build.0 = Release|Any CPU
		{79A367A2-57EF-06EC-AC8A-77286B600896}.Debug|Any CPU.ActiveCfg = Debug|Any CPU
		{79A367A2-57EF-06EC-AC8A-77286B600896}.Debug|Any CPU.Build.0 = Debug|Any CPU
		{79A367A2-57EF-06EC-AC8A-77286B600896}.Release|Any CPU.ActiveCfg = Release|Any CPU
		{79A367A2-57EF-06EC-AC8A-77286B600896}.Release|Any CPU.Build.0 = Release|Any CPU
		{CF0B51C6-04F0-EC15-8275-61B9C27E787C}.Debug|Any CPU.ActiveCfg = Debug|Any CPU
		{CF0B51C6-04F0-EC15-8275-61B9C27E787C}.Debug|Any CPU.Build.0 = Debug|Any CPU
		{CF0B51C6-04F0-EC15-8275-61B9C27E787C}.Release|Any CPU.ActiveCfg = Release|Any CPU
		{CF0B51C6-04F0-EC15-8275-61B9C27E787C}.Release|Any CPU.Build.0 = Release|Any CPU
		{7AE258AE-44AC-C12E-005A-5D2C2DA81FCB}.Debug|Any CPU.ActiveCfg = Debug|Any CPU
		{7AE258AE-44AC-C12E-005A-5D2C2DA81FCB}.Debug|Any CPU.Build.0 = Debug|Any CPU
		{7AE258AE-44AC-C12E-005A-5D2C2DA81FCB}.Release|Any CPU.ActiveCfg = Release|Any CPU
		{7AE258AE-44AC-C12E-005A-5D2C2DA81FCB}.Release|Any CPU.Build.0 = Release|Any CPU
		{A780A5ED-792C-C7FA-9812-1007838503CF}.Debug|Any CPU.ActiveCfg = Debug|Any CPU
		{A780A5ED-792C-C7FA-9812-1007838503CF}.Debug|Any CPU.Build.0 = Debug|Any CPU
		{A780A5ED-792C-C7FA-9812-1007838503CF}.Release|Any CPU.ActiveCfg = Release|Any CPU
		{A780A5ED-792C-C7FA-9812-1007838503CF}.Release|Any CPU.Build.0 = Release|Any CPU
		{5D5C46BA-6D37-3CF3-5C9B-FC1E6DC6D0A3}.Debug|Any CPU.ActiveCfg = Debug|Any CPU
		{5D5C46BA-6D37-3CF3-5C9B-FC1E6DC6D0A3}.Debug|Any CPU.Build.0 = Debug|Any CPU
		{5D5C46BA-6D37-3CF3-5C9B-FC1E6DC6D0A3}.Release|Any CPU.ActiveCfg = Release|Any CPU
		{5D5C46BA-6D37-3CF3-5C9B-FC1E6DC6D0A3}.Release|Any CPU.Build.0 = Release|Any CPU
		{9CB048AA-7FBE-0DFD-2541-8646D43894DF}.Debug|Any CPU.ActiveCfg = Debug|Any CPU
		{9CB048AA-7FBE-0DFD-2541-8646D43894DF}.Debug|Any CPU.Build.0 = Debug|Any CPU
		{9CB048AA-7FBE-0DFD-2541-8646D43894DF}.Release|Any CPU.ActiveCfg = Release|Any CPU
		{9CB048AA-7FBE-0DFD-2541-8646D43894DF}.Release|Any CPU.Build.0 = Release|Any CPU
		{A8A36823-EA25-FE37-6CB9-1902E4CE326D}.Debug|Any CPU.ActiveCfg = Debug|Any CPU
		{A8A36823-EA25-FE37-6CB9-1902E4CE326D}.Debug|Any CPU.Build.0 = Debug|Any CPU
		{A8A36823-EA25-FE37-6CB9-1902E4CE326D}.Release|Any CPU.ActiveCfg = Release|Any CPU
		{A8A36823-EA25-FE37-6CB9-1902E4CE326D}.Release|Any CPU.Build.0 = Release|Any CPU
		{82C1B432-FC83-EEA1-A157-274B85E705E0}.Debug|Any CPU.ActiveCfg = Debug|Any CPU
		{82C1B432-FC83-EEA1-A157-274B85E705E0}.Debug|Any CPU.Build.0 = Debug|Any CPU
		{82C1B432-FC83-EEA1-A157-274B85E705E0}.Release|Any CPU.ActiveCfg = Release|Any CPU
		{82C1B432-FC83-EEA1-A157-274B85E705E0}.Release|Any CPU.Build.0 = Release|Any CPU
		{E930A7B0-F5E1-D997-50FC-01AA04C99149}.Debug|Any CPU.ActiveCfg = Debug|Any CPU
		{E930A7B0-F5E1-D997-50FC-01AA04C99149}.Debug|Any CPU.Build.0 = Debug|Any CPU
		{E930A7B0-F5E1-D997-50FC-01AA04C99149}.Release|Any CPU.ActiveCfg = Release|Any CPU
		{E930A7B0-F5E1-D997-50FC-01AA04C99149}.Release|Any CPU.Build.0 = Release|Any CPU
		{4BA3D6BE-CEBE-C03B-214D-E05F98B8B789}.Debug|Any CPU.ActiveCfg = Debug|Any CPU
		{4BA3D6BE-CEBE-C03B-214D-E05F98B8B789}.Debug|Any CPU.Build.0 = Debug|Any CPU
		{4BA3D6BE-CEBE-C03B-214D-E05F98B8B789}.Release|Any CPU.ActiveCfg = Release|Any CPU
		{4BA3D6BE-CEBE-C03B-214D-E05F98B8B789}.Release|Any CPU.Build.0 = Release|Any CPU
		{D20EAE1D-8A67-489B-C5CF-A490443587E3}.Debug|Any CPU.ActiveCfg = Debug|Any CPU
		{D20EAE1D-8A67-489B-C5CF-A490443587E3}.Debug|Any CPU.Build.0 = Debug|Any CPU
		{D20EAE1D-8A67-489B-C5CF-A490443587E3}.Release|Any CPU.ActiveCfg = Release|Any CPU
		{D20EAE1D-8A67-489B-C5CF-A490443587E3}.Release|Any CPU.Build.0 = Release|Any CPU
		{18DCD24B-BF89-F1D6-FA0E-3CCDB5D9E001}.Debug|Any CPU.ActiveCfg = Debug|Any CPU
		{18DCD24B-BF89-F1D6-FA0E-3CCDB5D9E001}.Debug|Any CPU.Build.0 = Debug|Any CPU
		{18DCD24B-BF89-F1D6-FA0E-3CCDB5D9E001}.Release|Any CPU.ActiveCfg = Release|Any CPU
		{18DCD24B-BF89-F1D6-FA0E-3CCDB5D9E001}.Release|Any CPU.Build.0 = Release|Any CPU
		{B08F9109-2A84-F402-C958-05618AA23F1F}.Debug|Any CPU.ActiveCfg = Debug|Any CPU
		{B08F9109-2A84-F402-C958-05618AA23F1F}.Debug|Any CPU.Build.0 = Debug|Any CPU
		{B08F9109-2A84-F402-C958-05618AA23F1F}.Release|Any CPU.ActiveCfg = Release|Any CPU
		{B08F9109-2A84-F402-C958-05618AA23F1F}.Release|Any CPU.Build.0 = Release|Any CPU
		{1D65A0D0-5B7E-121C-AD45-9B6E6F3B4B1C}.Debug|Any CPU.ActiveCfg = Debug|Any CPU
		{1D65A0D0-5B7E-121C-AD45-9B6E6F3B4B1C}.Debug|Any CPU.Build.0 = Debug|Any CPU
		{1D65A0D0-5B7E-121C-AD45-9B6E6F3B4B1C}.Release|Any CPU.ActiveCfg = Release|Any CPU
		{1D65A0D0-5B7E-121C-AD45-9B6E6F3B4B1C}.Release|Any CPU.Build.0 = Release|Any CPU
		{9C2828B8-E70B-E646-22D6-125833ADF1A1}.Debug|Any CPU.ActiveCfg = Debug|Any CPU
		{9C2828B8-E70B-E646-22D6-125833ADF1A1}.Debug|Any CPU.Build.0 = Debug|Any CPU
		{9C2828B8-E70B-E646-22D6-125833ADF1A1}.Release|Any CPU.ActiveCfg = Release|Any CPU
		{9C2828B8-E70B-E646-22D6-125833ADF1A1}.Release|Any CPU.Build.0 = Release|Any CPU
		{386BF759-E829-2E9A-5C51-91D72A475A59}.Debug|Any CPU.ActiveCfg = Debug|Any CPU
		{386BF759-E829-2E9A-5C51-91D72A475A59}.Debug|Any CPU.Build.0 = Debug|Any CPU
		{386BF759-E829-2E9A-5C51-91D72A475A59}.Release|Any CPU.ActiveCfg = Release|Any CPU
		{386BF759-E829-2E9A-5C51-91D72A475A59}.Release|Any CPU.Build.0 = Release|Any CPU
		{A9CBC2E5-C3D2-F86D-7B65-127AADC8C3DB}.Debug|Any CPU.ActiveCfg = Debug|Any CPU
		{A9CBC2E5-C3D2-F86D-7B65-127AADC8C3DB}.Debug|Any CPU.Build.0 = Debug|Any CPU
		{A9CBC2E5-C3D2-F86D-7B65-127AADC8C3DB}.Release|Any CPU.ActiveCfg = Release|Any CPU
		{A9CBC2E5-C3D2-F86D-7B65-127AADC8C3DB}.Release|Any CPU.Build.0 = Release|Any CPU
		{11B54FEE-E7CF-C665-097C-75B4387D0782}.Debug|Any CPU.ActiveCfg = Debug|Any CPU
		{11B54FEE-E7CF-C665-097C-75B4387D0782}.Debug|Any CPU.Build.0 = Debug|Any CPU
		{11B54FEE-E7CF-C665-097C-75B4387D0782}.Release|Any CPU.ActiveCfg = Release|Any CPU
		{11B54FEE-E7CF-C665-097C-75B4387D0782}.Release|Any CPU.Build.0 = Release|Any CPU
		{2DBE7FC6-9DDE-F7E8-F0D9-D903C8B75F08}.Debug|Any CPU.ActiveCfg = Debug|Any CPU
		{2DBE7FC6-9DDE-F7E8-F0D9-D903C8B75F08}.Debug|Any CPU.Build.0 = Debug|Any CPU
		{2DBE7FC6-9DDE-F7E8-F0D9-D903C8B75F08}.Release|Any CPU.ActiveCfg = Release|Any CPU
		{2DBE7FC6-9DDE-F7E8-F0D9-D903C8B75F08}.Release|Any CPU.Build.0 = Release|Any CPU
		{D14643EB-F50A-ECD4-FD33-D5CC6CBA6D6A}.Debug|Any CPU.ActiveCfg = Debug|Any CPU
		{D14643EB-F50A-ECD4-FD33-D5CC6CBA6D6A}.Debug|Any CPU.Build.0 = Debug|Any CPU
		{D14643EB-F50A-ECD4-FD33-D5CC6CBA6D6A}.Release|Any CPU.ActiveCfg = Release|Any CPU
		{D14643EB-F50A-ECD4-FD33-D5CC6CBA6D6A}.Release|Any CPU.Build.0 = Release|Any CPU
		{0187557B-2B9E-EF14-3CC9-235E4FD836B5}.Debug|Any CPU.ActiveCfg = Debug|Any CPU
		{0187557B-2B9E-EF14-3CC9-235E4FD836B5}.Debug|Any CPU.Build.0 = Debug|Any CPU
		{0187557B-2B9E-EF14-3CC9-235E4FD836B5}.Release|Any CPU.ActiveCfg = Release|Any CPU
		{0187557B-2B9E-EF14-3CC9-235E4FD836B5}.Release|Any CPU.Build.0 = Release|Any CPU
		{F7F7A787-DFC8-8624-1C5A-F6CB5E45BA22}.Debug|Any CPU.ActiveCfg = Debug|Any CPU
		{F7F7A787-DFC8-8624-1C5A-F6CB5E45BA22}.Debug|Any CPU.Build.0 = Debug|Any CPU
		{F7F7A787-DFC8-8624-1C5A-F6CB5E45BA22}.Release|Any CPU.ActiveCfg = Release|Any CPU
		{F7F7A787-DFC8-8624-1C5A-F6CB5E45BA22}.Release|Any CPU.Build.0 = Release|Any CPU
		{070683A4-12A0-A8E5-79C4-52F1C3253F26}.Debug|Any CPU.ActiveCfg = Debug|Any CPU
		{070683A4-12A0-A8E5-79C4-52F1C3253F26}.Debug|Any CPU.Build.0 = Debug|Any CPU
		{070683A4-12A0-A8E5-79C4-52F1C3253F26}.Release|Any CPU.ActiveCfg = Release|Any CPU
		{070683A4-12A0-A8E5-79C4-52F1C3253F26}.Release|Any CPU.Build.0 = Release|Any CPU
		{6F05334D-BF68-DEF7-39CF-01A8964251F4}.Debug|Any CPU.ActiveCfg = Debug|Any CPU
		{6F05334D-BF68-DEF7-39CF-01A8964251F4}.Debug|Any CPU.Build.0 = Debug|Any CPU
		{6F05334D-BF68-DEF7-39CF-01A8964251F4}.Release|Any CPU.ActiveCfg = Release|Any CPU
		{6F05334D-BF68-DEF7-39CF-01A8964251F4}.Release|Any CPU.Build.0 = Release|Any CPU
		{FD9C9999-A439-CB64-3BED-333502E320F3}.Debug|Any CPU.ActiveCfg = Debug|Any CPU
		{FD9C9999-A439-CB64-3BED-333502E320F3}.Debug|Any CPU.Build.0 = Debug|Any CPU
		{FD9C9999-A439-CB64-3BED-333502E320F3}.Release|Any CPU.ActiveCfg = Release|Any CPU
		{FD9C9999-A439-CB64-3BED-333502E320F3}.Release|Any CPU.Build.0 = Release|Any CPU
		{DAE72070-4DF6-25A5-22D1-E6652CD90D28}.Debug|Any CPU.ActiveCfg = Debug|Any CPU
		{DAE72070-4DF6-25A5-22D1-E6652CD90D28}.Debug|Any CPU.Build.0 = Debug|Any CPU
		{DAE72070-4DF6-25A5-22D1-E6652CD90D28}.Release|Any CPU.ActiveCfg = Release|Any CPU
		{DAE72070-4DF6-25A5-22D1-E6652CD90D28}.Release|Any CPU.Build.0 = Release|Any CPU
		{38AC8E12-ABCC-40A7-826A-ECEF498AFEBD}.Debug|Any CPU.ActiveCfg = Debug|Any CPU
		{38AC8E12-ABCC-40A7-826A-ECEF498AFEBD}.Debug|Any CPU.Build.0 = Debug|Any CPU
		{38AC8E12-ABCC-40A7-826A-ECEF498AFEBD}.Release|Any CPU.ActiveCfg = Release|Any CPU
		{38AC8E12-ABCC-40A7-826A-ECEF498AFEBD}.Release|Any CPU.Build.0 = Release|Any CPU
		{143B480B-9FB7-D517-BAE5-87D60FA18B68}.Debug|Any CPU.ActiveCfg = Debug|Any CPU
		{143B480B-9FB7-D517-BAE5-87D60FA18B68}.Debug|Any CPU.Build.0 = Debug|Any CPU
		{143B480B-9FB7-D517-BAE5-87D60FA18B68}.Release|Any CPU.ActiveCfg = Release|Any CPU
		{143B480B-9FB7-D517-BAE5-87D60FA18B68}.Release|Any CPU.Build.0 = Release|Any CPU
		{9085E993-BA05-BC67-7C96-4D096F71CFA6}.Debug|Any CPU.ActiveCfg = Debug|Any CPU
		{9085E993-BA05-BC67-7C96-4D096F71CFA6}.Debug|Any CPU.Build.0 = Debug|Any CPU
		{9085E993-BA05-BC67-7C96-4D096F71CFA6}.Release|Any CPU.ActiveCfg = Release|Any CPU
		{9085E993-BA05-BC67-7C96-4D096F71CFA6}.Release|Any CPU.Build.0 = Release|Any CPU
		{0622B82D-C676-362B-00A3-2D31B2E96F4E}.Debug|Any CPU.ActiveCfg = Debug|Any CPU
		{0622B82D-C676-362B-00A3-2D31B2E96F4E}.Debug|Any CPU.Build.0 = Debug|Any CPU
		{0622B82D-C676-362B-00A3-2D31B2E96F4E}.Release|Any CPU.ActiveCfg = Release|Any CPU
		{0622B82D-C676-362B-00A3-2D31B2E96F4E}.Release|Any CPU.Build.0 = Release|Any CPU
		{6449542E-7796-6F1C-ED9B-405CC22EDFE3}.Debug|Any CPU.ActiveCfg = Debug|Any CPU
		{6449542E-7796-6F1C-ED9B-405CC22EDFE3}.Debug|Any CPU.Build.0 = Debug|Any CPU
		{6449542E-7796-6F1C-ED9B-405CC22EDFE3}.Release|Any CPU.ActiveCfg = Release|Any CPU
		{6449542E-7796-6F1C-ED9B-405CC22EDFE3}.Release|Any CPU.Build.0 = Release|Any CPU
		{1CB7B116-FE80-1B5D-70FA-B7E52AF30CE0}.Debug|Any CPU.ActiveCfg = Debug|Any CPU
		{1CB7B116-FE80-1B5D-70FA-B7E52AF30CE0}.Debug|Any CPU.Build.0 = Debug|Any CPU
		{1CB7B116-FE80-1B5D-70FA-B7E52AF30CE0}.Release|Any CPU.ActiveCfg = Release|Any CPU
		{1CB7B116-FE80-1B5D-70FA-B7E52AF30CE0}.Release|Any CPU.Build.0 = Release|Any CPU
		{9BC1B1D4-E0AE-DA52-D270-C384E1CA1DD5}.Debug|Any CPU.ActiveCfg = Debug|Any CPU
		{9BC1B1D4-E0AE-DA52-D270-C384E1CA1DD5}.Debug|Any CPU.Build.0 = Debug|Any CPU
		{9BC1B1D4-E0AE-DA52-D270-C384E1CA1DD5}.Release|Any CPU.ActiveCfg = Release|Any CPU
		{9BC1B1D4-E0AE-DA52-D270-C384E1CA1DD5}.Release|Any CPU.Build.0 = Release|Any CPU
		{DD01D53C-E7EB-7201-B2CB-8A80D5931023}.Debug|Any CPU.ActiveCfg = Debug|Any CPU
		{DD01D53C-E7EB-7201-B2CB-8A80D5931023}.Debug|Any CPU.Build.0 = Debug|Any CPU
		{DD01D53C-E7EB-7201-B2CB-8A80D5931023}.Release|Any CPU.ActiveCfg = Release|Any CPU
		{DD01D53C-E7EB-7201-B2CB-8A80D5931023}.Release|Any CPU.Build.0 = Release|Any CPU
		{D96B0304-1EA0-C62A-0029-D8999F097AD7}.Debug|Any CPU.ActiveCfg = Debug|Any CPU
		{D96B0304-1EA0-C62A-0029-D8999F097AD7}.Debug|Any CPU.Build.0 = Debug|Any CPU
		{D96B0304-1EA0-C62A-0029-D8999F097AD7}.Release|Any CPU.ActiveCfg = Release|Any CPU
		{D96B0304-1EA0-C62A-0029-D8999F097AD7}.Release|Any CPU.Build.0 = Release|Any CPU
	EndGlobalSection
	GlobalSection(SolutionProperties) = preSolution
		HideSolutionNode = FALSE
	EndGlobalSection
EndGlobal
